
Microsoft Visual Studio Solution File, Format Version 12.00
# Visual Studio Version 17
VisualStudioVersion = 17.0.32112.339
MinimumVisualStudioVersion = 10.0.40219.1
Project("{FAE04EC0-301F-11D3-BF4B-00C04F79EFBC}") = "Adventure Game", "Adventure Game\Adventure Game.csproj", "{83558823-477D-4DA4-B161-76E78D18F658}"
EndProject
Global
	GlobalSection(SolutionConfigurationPlatforms) = preSolution
		Debug|Any CPU = Debug|Any CPU
		Release|Any CPU = Release|Any CPU
	EndGlobalSection
	GlobalSection(ProjectConfigurationPlatforms) = postSolution
		{83558823-477D-4DA4-B161-76E78D18F658}.Debug|Any CPU.ActiveCfg = Debug|Any CPU
		{83558823-477D-4DA4-B161-76E78D18F658}.Debug|Any CPU.Build.0 = Debug|Any CPU
		{83558823-477D-4DA4-B161-76E78D18F658}.Release|Any CPU.ActiveCfg = Release|Any CPU
		{83558823-477D-4DA4-B161-76E78D18F658}.Release|Any CPU.Build.0 = Release|Any CPU
	EndGlobalSection
	GlobalSection(SolutionProperties) = preSolution
		HideSolutionNode = FALSE
	EndGlobalSection
	GlobalSection(ExtensibilityGlobals) = postSolution
		SolutionGuid = {E0FFAE80-7958-4F85-AFEF-DB07D5ED3C45}
	EndGlobalSection
EndGlobal
